github.com/shabbyrobe/golib/stringtools v0.0.0-20200215041705-d919421cac09 h1:TfnFX3I3zOqjFpKibQnW59EcvuVVENQHURHlixuYaEU=
github.com/shabbyrobe/golib/stringtools v0.0.0-20200215041705-d919421cac09/go.mod h1:QnlM+hxzk21LyGZWlz4EnKgEkb1Rw8gH8n7mMpIHx1E=
github.com/shabbyrobe/golib/stringtools v0.0.0-20200215042454-96cb28ef70ba h1:wYG7nWuHMcKoiTnWeM5UKsoe9YIrKaUmZ4KFj3zjnKc=
github.com/shabbyrobe/golib/stringtools v0.0.0-20200215042454-96cb28ef70ba/go.mod h1:Y0uWiwILNynfjDwI3ay2Rpsr4Kd2iXo6Bf5wZk3JD0c=
