github.com/davecgh/go-spew v1.1.1 h1:vj9j/u1bqnvCEfJOwUhtlOARqs3+rkHYY13jYWTU97c=
github.com/davecgh/go-spew v1.1.1/go.mod h1:J7Y8YcW2NihsgmVo/mv3lAwl/skON4iLHjSsI+c5H38=
github.com/gofrs/flock v0.7.1 h1:DP+LD/t0njgoPBvT5MJLeliUIVQR03hiKR6vezdwHlc=
github.com/gofrs/flock v0.7.1/go.mod h1:F1TvTiK9OcQqauNUHlbJvyl9Qa1QvF/gOUDKA14jxHU=
github.com/gorilla/websocket v1.4.0 h1:WDFjx/TMzVgy9VdMMQi2K2Emtwi2QcUQsztZ/zLaH/Q=
github.com/gorilla/websocket v1.4.0/go.mod h1:E7qHFY5m1UJ88s3WnNqhKjPHQ0heANvMoAMk2YaljkQ=
github.com/kr/pretty v0.1.0 h1:L/CwN0zerZDmRFUapSPitk6f+Q3+0za1rQkzVuMiMFI=
github.com/kr/pretty v0.1.0/go.mod h1:dAy3ld7l9f0ibDNOQOHHMYYIIbhfbHSm3C4ZsoJORNo=
github.com/kr/pty v1.1.1/go.mod h1:pFQYn66WHrOpPYNljwOMqo10TkYh1fy3cYio2l3bCsQ=
github.com/kr/text v0.1.0 h1:45sCR5RtlFHMR4UwH9sdQ5TC8v0qDQCHnXt+kaKSTVE=
github.com/kr/text v0.1.0/go.mod h1:4Jbv+DJW3UT/LiOwJeYQe1efqtUx/iVham/4vfdArNI=
github.com/leanovate/gopter v0.2.4 h1:U4YLBggDFhJdqQsG4Na2zX7joVTky9vHaj/AGEwSuXU=
github.com/leanovate/gopter v0.2.4/go.mod h1:gNcbPWNEWRe4lm+bycKqxUYoH5uoVje5SkOJ3uoLer8=
github.com/pkg/errors v0.8.1 h1:iURUrRGxPUNPdy5/HRSm+Yj6okJ6UtLINN0Q9M4+h3I=
github.com/pkg/errors v0.8.1/go.mod h1:bwawxfHBFNV+L2hUp1rHADufV3IMtnDRdf1r5NINEl0=
github.com/pkg/profile v1.3.0 h1:OQIvuDgm00gWVWGTf4m4mCt6W1/0YqU7Ntg0mySWgaI=
github.com/pkg/profile v1.3.0/go.mod h1:hJw3o1OdXxsrSjjVksARp5W95eeEaEfptyVZyv6JUPA=
github.com/shabbyrobe/cmdy v0.3.1 h1:WRiYe94FC8MbE1a0mmxbWrpH0jV6sDDXwA+KlCxf4z0=
github.com/shabbyrobe/cmdy v0.3.1/go.mod h1:ZCBDYC9BHo9zq4MQsrXXhg3xmpuHELmvWVUpVLgnPXw=
github.com/shabbyrobe/go-num v0.0.0-20190418154127-0e78ac525bd7 h1:HopqEF5PNmfX5e7rGoiVoBaJpIrED6wnhkv3Wq5HLoU=
github.com/shabbyrobe/go-num v0.0.0-20190418154127-0e78ac525bd7/go.mod h1:Eyr2foB2Lwgai/i6QR26iIXjBUe0lk1OvvI6ApX9MnA=
github.com/shabbyrobe/go-service v0.0.0-20180818001217-4987d2d6cede h1:KlHLT31tCfMbS0Y1Le6EEZdh8OxYi2Nd+w5X3zQaVpQ=
github.com/shabbyrobe/go-service v0.0.0-20180818001217-4987d2d6cede/go.mod h1:bDmiMyietVLRpur8qpPxCQFP5NmogtO8/lVFeQ1dHVc=
gopkg.in/check.v1 v1.0.0-20180628173108-788fd7840127 h1:qIbj1fsPNlZgppZ+VLlY7N33q108Sa+fhmuc+sWQYwY=
gopkg.in/check.v1 v1.0.0-20180628173108-788fd7840127/go.mod h1:Co6ibVJAznAaIkqp8huTwlJQCZ016jof/cbN4VW5Yz0=
