github.com/shabbyrobe/golib v0.0.0-20200217060537-8779d4f9d386 h1:QQCuqd8n0/6xOzfHkBokqBO8OmKIyjj0ZhGiChhVV6Q=
github.com/shabbyrobe/golib/assert v0.0.0-20200217060537-8779d4f9d386 h1:A12eAaYk1l+7bQdw4dTDAgIUkbELzwp32MUr+EDM7Ew=
github.com/shabbyrobe/golib/assert v0.0.0-20200217060537-8779d4f9d386/go.mod h1:diAhZfaqpWMJgKvPzCEHtmiJG7inBz3m79ejIsjRGe4=
