github.com/shabbyrobe/golib v0.0.0-20200215041705-d919421cac09 h1:aQtokvAeAeBp2RVVtvNbRbDkEwF+3WYItjngImN8pWU=
github.com/shabbyrobe/golib/times v0.0.0-20200215041705-d919421cac09 h1:kQM/TIs0Lji9Np4NnWT9SK3itISFugmgG9WGd9a6iyM=
github.com/shabbyrobe/golib/times v0.0.0-20200215041705-d919421cac09/go.mod h1:ui78vRv6SDdA+6si6bEyQclrD2hIhSALN/KRN7Dijv8=
